
Microsoft Visual Studio Solution File, Format Version 12.00
# Visual Studio Version 17
VisualStudioVersion = 17.0.31903.59
MinimumVisualStudioVersion = 10.0.40219.1
Project("{FAE04EC0-301F-11D3-BF4B-00C04F79EFBC}") = "CarApp.Domain", "CarApp.Domain\CarApp.Domain.csproj", "{27178CA9-04E8-48B9-9E11-7EED7A332458}"
EndProject
Project("{FAE04EC0-301F-11D3-BF4B-00C04F79EFBC}") = "CarApp.Application", "CarApp.Application\CarApp.Application.csproj", "{B8137467-123B-4097-9DC4-DD4B19E22718}"
EndProject
Project("{FAE04EC0-301F-11D3-BF4B-00C04F79EFBC}") = "CarApp.Infrastructure", "CarApp.Infrastructure\CarApp.Infrastructure.csproj", "{E505FFF9-1235-4E74-9BFA-7D981AC0E785}"
EndProject
Project("{FAE04EC0-301F-11D3-BF4B-00C04F79EFBC}") = "CarApp.Api", "CarApp.Api\CarApp.Api.csproj", "{F8C34219-AEFC-4278-88E5-147E44B6A65F}"
EndProject
Global
	GlobalSection(SolutionConfigurationPlatforms) = preSolution
		Debug|Any CPU = Debug|Any CPU
		Release|Any CPU = Release|Any CPU
	EndGlobalSection
	GlobalSection(SolutionProperties) = preSolution
		HideSolutionNode = FALSE
	EndGlobalSection
	GlobalSection(ProjectConfigurationPlatforms) = postSolution
		{27178CA9-04E8-48B9-9E11-7EED7A332458}.Debug|Any CPU.ActiveCfg = Debug|Any CPU
		{27178CA9-04E8-48B9-9E11-7EED7A332458}.Debug|Any CPU.Build.0 = Debug|Any CPU
		{27178CA9-04E8-48B9-9E11-7EED7A332458}.Release|Any CPU.ActiveCfg = Release|Any CPU
		{27178CA9-04E8-48B9-9E11-7EED7A332458}.Release|Any CPU.Build.0 = Release|Any CPU
		{B8137467-123B-4097-9DC4-DD4B19E22718}.Debug|Any CPU.ActiveCfg = Debug|Any CPU
		{B8137467-123B-4097-9DC4-DD4B19E22718}.Debug|Any CPU.Build.0 = Debug|Any CPU
		{B8137467-123B-4097-9DC4-DD4B19E22718}.Release|Any CPU.ActiveCfg = Release|Any CPU
		{B8137467-123B-4097-9DC4-DD4B19E22718}.Release|Any CPU.Build.0 = Release|Any CPU
		{E505FFF9-1235-4E74-9BFA-7D981AC0E785}.Debug|Any CPU.ActiveCfg = Debug|Any CPU
		{E505FFF9-1235-4E74-9BFA-7D981AC0E785}.Debug|Any CPU.Build.0 = Debug|Any CPU
		{E505FFF9-1235-4E74-9BFA-7D981AC0E785}.Release|Any CPU.ActiveCfg = Release|Any CPU
		{E505FFF9-1235-4E74-9BFA-7D981AC0E785}.Release|Any CPU.Build.0 = Release|Any CPU
		{F8C34219-AEFC-4278-88E5-147E44B6A65F}.Debug|Any CPU.ActiveCfg = Debug|Any CPU
		{F8C34219-AEFC-4278-88E5-147E44B6A65F}.Debug|Any CPU.Build.0 = Debug|Any CPU
		{F8C34219-AEFC-4278-88E5-147E44B6A65F}.Release|Any CPU.ActiveCfg = Release|Any CPU
		{F8C34219-AEFC-4278-88E5-147E44B6A65F}.Release|Any CPU.Build.0 = Release|Any CPU
	EndGlobalSection
EndGlobal
