
Microsoft Visual Studio Solution File, Format Version 12.00
# Visual Studio Version 17
VisualStudioVersion = 17.0.31903.59
MinimumVisualStudioVersion = 10.0.40219.1
Project("{FAE04EC0-301F-11D3-BF4B-00C04F79EFBC}") = "GameApp.Domain", "GameApp.Domain\GameApp.Domain.csproj", "{27178CA9-04E8-48B9-9E11-7EED7A332458}"
EndProject
Project("{FAE04EC0-301F-11D3-BF4B-00C04F79EFBC}") = "GameApp.Application", "GameApp.Application\GameApp.Application.csproj", "{B8137467-123B-4097-9DC4-DD4B19E22718}"
EndProject
Project("{FAE04EC0-301F-11D3-BF4B-00C04F79EFBC}") = "GameApp.Host", "GameApp.Host\GameApp.Host.csproj", "{96AE7F41-E970-4F0A-A249-3AAD364918A0}"
EndProject
Project("{2150E333-8FDC-42A3-9474-1A3956D46DE8}") = "GameApp.Adapter", "GameApp.Adapter", "{5AA69A19-1A32-4EBC-83C4-361C89C38C02}"
EndProject
Project("{FAE04EC0-301F-11D3-BF4B-00C04F79EFBC}") = "GameApp.Api", "GameApp.Adapter\GameApp.Api\GameApp.Api.csproj", "{5623576B-5117-4211-BCC9-1CA8EF658CB1}"
EndProject
Project("{FAE04EC0-301F-11D3-BF4B-00C04F79EFBC}") = "GameApp.Infrastructure", "GameApp.Adapter\GameApp.Infrastructure\GameApp.Infrastructure.csproj", "{6F066C41-CB17-4FD3-941B-8A49E271C05F}"
EndProject
Global
	GlobalSection(SolutionConfigurationPlatforms) = preSolution
		Debug|Any CPU = Debug|Any CPU
		Release|Any CPU = Release|Any CPU
	EndGlobalSection
	GlobalSection(SolutionProperties) = preSolution
		HideSolutionNode = FALSE
	EndGlobalSection
	GlobalSection(ProjectConfigurationPlatforms) = postSolution
		{27178CA9-04E8-48B9-9E11-7EED7A332458}.Debug|Any CPU.ActiveCfg = Debug|Any CPU
		{27178CA9-04E8-48B9-9E11-7EED7A332458}.Debug|Any CPU.Build.0 = Debug|Any CPU
		{27178CA9-04E8-48B9-9E11-7EED7A332458}.Release|Any CPU.ActiveCfg = Release|Any CPU
		{27178CA9-04E8-48B9-9E11-7EED7A332458}.Release|Any CPU.Build.0 = Release|Any CPU
		{B8137467-123B-4097-9DC4-DD4B19E22718}.Debug|Any CPU.ActiveCfg = Debug|Any CPU
		{B8137467-123B-4097-9DC4-DD4B19E22718}.Debug|Any CPU.Build.0 = Debug|Any CPU
		{B8137467-123B-4097-9DC4-DD4B19E22718}.Release|Any CPU.ActiveCfg = Release|Any CPU
		{B8137467-123B-4097-9DC4-DD4B19E22718}.Release|Any CPU.Build.0 = Release|Any CPU
		{96AE7F41-E970-4F0A-A249-3AAD364918A0}.Debug|Any CPU.ActiveCfg = Debug|Any CPU
		{96AE7F41-E970-4F0A-A249-3AAD364918A0}.Debug|Any CPU.Build.0 = Debug|Any CPU
		{96AE7F41-E970-4F0A-A249-3AAD364918A0}.Release|Any CPU.ActiveCfg = Release|Any CPU
		{96AE7F41-E970-4F0A-A249-3AAD364918A0}.Release|Any CPU.Build.0 = Release|Any CPU
		{5623576B-5117-4211-BCC9-1CA8EF658CB1}.Debug|Any CPU.ActiveCfg = Debug|Any CPU
		{5623576B-5117-4211-BCC9-1CA8EF658CB1}.Debug|Any CPU.Build.0 = Debug|Any CPU
		{5623576B-5117-4211-BCC9-1CA8EF658CB1}.Release|Any CPU.ActiveCfg = Release|Any CPU
		{5623576B-5117-4211-BCC9-1CA8EF658CB1}.Release|Any CPU.Build.0 = Release|Any CPU
		{6F066C41-CB17-4FD3-941B-8A49E271C05F}.Debug|Any CPU.ActiveCfg = Debug|Any CPU
		{6F066C41-CB17-4FD3-941B-8A49E271C05F}.Debug|Any CPU.Build.0 = Debug|Any CPU
		{6F066C41-CB17-4FD3-941B-8A49E271C05F}.Release|Any CPU.ActiveCfg = Release|Any CPU
		{6F066C41-CB17-4FD3-941B-8A49E271C05F}.Release|Any CPU.Build.0 = Release|Any CPU
	EndGlobalSection
	GlobalSection(NestedProjects) = preSolution
		{5623576B-5117-4211-BCC9-1CA8EF658CB1} = {5AA69A19-1A32-4EBC-83C4-361C89C38C02}
		{6F066C41-CB17-4FD3-941B-8A49E271C05F} = {5AA69A19-1A32-4EBC-83C4-361C89C38C02}
	EndGlobalSection
EndGlobal
